// !$*UTF8*$!
{
	archiveVersion = 1;
	classes = {
	};
	objectVersion = 50;
	objects = {

/* Begin PBXBuildFile section */
		763BD9A425CB85C2000359B1 /* DefaultButton.swift in Sources */ = {isa = PBXBuildFile; fileRef = 763BD9A325CB85C2000359B1 /* DefaultButton.swift */; };
		7675B24C25AD339700364932 /* AppDelegate.swift in Sources */ = {isa = PBXBuildFile; fileRef = 7675B24B25AD339700364932 /* AppDelegate.swift */; };
		7675B25525AD339800364932 /* Assets.xcassets in Resources */ = {isa = PBXBuildFile; fileRef = 7675B25425AD339800364932 /* Assets.xcassets */; };
		7675B25825AD339800364932 /* LaunchScreen.storyboard in Resources */ = {isa = PBXBuildFile; fileRef = 7675B25625AD339800364932 /* LaunchScreen.storyboard */; };
		7675B26A25AD3AC000364932 /* LoginVC.swift in Sources */ = {isa = PBXBuildFile; fileRef = 7675B26925AD3AC000364932 /* LoginVC.swift */; };
		7675B26E25AD3B2C00364932 /* LoginView.swift in Sources */ = {isa = PBXBuildFile; fileRef = 7675B26D25AD3B2C00364932 /* LoginView.swift */; };
		7675B27125AD3B3A00364932 /* LoginViewModel.swift in Sources */ = {isa = PBXBuildFile; fileRef = 7675B27025AD3B3A00364932 /* LoginViewModel.swift */; };
		7675B27525AD3C5D00364932 /* SignupVC.swift in Sources */ = {isa = PBXBuildFile; fileRef = 7675B27425AD3C5D00364932 /* SignupVC.swift */; };
		7675B27825AD3C6B00364932 /* SignupView.swift in Sources */ = {isa = PBXBuildFile; fileRef = 7675B27725AD3C6B00364932 /* SignupView.swift */; };
		7675B27B25AD3C7400364932 /* SignupViewModel.swift in Sources */ = {isa = PBXBuildFile; fileRef = 7675B27A25AD3C7400364932 /* SignupViewModel.swift */; };
		7675B28125AD3F7D00364932 /* ViewCodeProtocol.swift in Sources */ = {isa = PBXBuildFile; fileRef = 7675B28025AD3F7D00364932 /* ViewCodeProtocol.swift */; };
		769B296D25AE83AF000E4FE1 /* UIColorExtensions.swift in Sources */ = {isa = PBXBuildFile; fileRef = 769B296C25AE83AF000E4FE1 /* UIColorExtensions.swift */; };
		769B297025AE83D2000E4FE1 /* Colors.swift in Sources */ = {isa = PBXBuildFile; fileRef = 769B296F25AE83D2000E4FE1 /* Colors.swift */; };
		769B297425AE917A000E4FE1 /* NewsListVC.swift in Sources */ = {isa = PBXBuildFile; fileRef = 769B297325AE917A000E4FE1 /* NewsListVC.swift */; };
		769B297825AE918B000E4FE1 /* NewsListView.swift in Sources */ = {isa = PBXBuildFile; fileRef = 769B297725AE918B000E4FE1 /* NewsListView.swift */; };
		769B297F25AE91A4000E4FE1 /* NewsListViewModel.swift in Sources */ = {isa = PBXBuildFile; fileRef = 769B297E25AE91A4000E4FE1 /* NewsListViewModel.swift */; };
		769B298225AE9221000E4FE1 /* NewsService.swift in Sources */ = {isa = PBXBuildFile; fileRef = 769B298125AE9221000E4FE1 /* NewsService.swift */; };
		769B298525AE9272000E4FE1 /* APIBase.swift in Sources */ = {isa = PBXBuildFile; fileRef = 769B298425AE9272000E4FE1 /* APIBase.swift */; };
		769B298825AE92EA000E4FE1 /* LoginService.swift in Sources */ = {isa = PBXBuildFile; fileRef = 769B298725AE92EA000E4FE1 /* LoginService.swift */; };
		76D01CB525CCD5F000F28E22 /* ViewExtensions.swift in Sources */ = {isa = PBXBuildFile; fileRef = 76D01CB425CCD5F000F28E22 /* ViewExtensions.swift */; };
		76D01CB825CCDAA700F28E22 /* UIButtonExtensions.swift in Sources */ = {isa = PBXBuildFile; fileRef = 76D01CB725CCDAA700F28E22 /* UIButtonExtensions.swift */; };
/* End PBXBuildFile section */

/* Begin PBXFileReference section */
		763BD9A325CB85C2000359B1 /* DefaultButton.swift */ = {isa = PBXFileReference; lastKnownFileType = sourcecode.swift; path = DefaultButton.swift; sourceTree = "<group>"; };
		7675B24825AD339700364932 /* mesa-news.app */ = {isa = PBXFileReference; explicitFileType = wrapper.application; includeInIndex = 0; path = "mesa-news.app"; sourceTree = BUILT_PRODUCTS_DIR; };
		7675B24B25AD339700364932 /* AppDelegate.swift */ = {isa = PBXFileReference; lastKnownFileType = sourcecode.swift; path = AppDelegate.swift; sourceTree = "<group>"; };
		7675B25425AD339800364932 /* Assets.xcassets */ = {isa = PBXFileReference; lastKnownFileType = folder.assetcatalog; path = Assets.xcassets; sourceTree = "<group>"; };
		7675B25725AD339800364932 /* Base */ = {isa = PBXFileReference; lastKnownFileType = file.storyboard; name = Base; path = Base.lproj/LaunchScreen.storyboard; sourceTree = "<group>"; };
		7675B25925AD339800364932 /* Info.plist */ = {isa = PBXFileReference; lastKnownFileType = text.plist.xml; path = Info.plist; sourceTree = "<group>"; };
		7675B26925AD3AC000364932 /* LoginVC.swift */ = {isa = PBXFileReference; lastKnownFileType = sourcecode.swift; path = LoginVC.swift; sourceTree = "<group>"; };
		7675B26D25AD3B2C00364932 /* LoginView.swift */ = {isa = PBXFileReference; lastKnownFileType = sourcecode.swift; path = LoginView.swift; sourceTree = "<group>"; };
		7675B27025AD3B3A00364932 /* LoginViewModel.swift */ = {isa = PBXFileReference; lastKnownFileType = sourcecode.swift; path = LoginViewModel.swift; sourceTree = "<group>"; };
		7675B27425AD3C5D00364932 /* SignupVC.swift */ = {isa = PBXFileReference; lastKnownFileType = sourcecode.swift; path = SignupVC.swift; sourceTree = "<group>"; };
		7675B27725AD3C6B00364932 /* SignupView.swift */ = {isa = PBXFileReference; lastKnownFileType = sourcecode.swift; path = SignupView.swift; sourceTree = "<group>"; };
		7675B27A25AD3C7400364932 /* SignupViewModel.swift */ = {isa = PBXFileReference; lastKnownFileType = sourcecode.swift; path = SignupViewModel.swift; sourceTree = "<group>"; };
		7675B28025AD3F7D00364932 /* ViewCodeProtocol.swift */ = {isa = PBXFileReference; lastKnownFileType = sourcecode.swift; path = ViewCodeProtocol.swift; sourceTree = "<group>"; };
		769B296C25AE83AF000E4FE1 /* UIColorExtensions.swift */ = {isa = PBXFileReference; lastKnownFileType = sourcecode.swift; path = UIColorExtensions.swift; sourceTree = "<group>"; };
		769B296F25AE83D2000E4FE1 /* Colors.swift */ = {isa = PBXFileReference; lastKnownFileType = sourcecode.swift; path = Colors.swift; sourceTree = "<group>"; };
		769B297325AE917A000E4FE1 /* NewsListVC.swift */ = {isa = PBXFileReference; lastKnownFileType = sourcecode.swift; path = NewsListVC.swift; sourceTree = "<group>"; };
		769B297725AE918B000E4FE1 /* NewsListView.swift */ = {isa = PBXFileReference; lastKnownFileType = sourcecode.swift; path = NewsListView.swift; sourceTree = "<group>"; };
		769B297E25AE91A4000E4FE1 /* NewsListViewModel.swift */ = {isa = PBXFileReference; lastKnownFileType = sourcecode.swift; path = NewsListViewModel.swift; sourceTree = "<group>"; };
		769B298125AE9221000E4FE1 /* NewsService.swift */ = {isa = PBXFileReference; lastKnownFileType = sourcecode.swift; path = NewsService.swift; sourceTree = "<group>"; };
		769B298425AE9272000E4FE1 /* APIBase.swift */ = {isa = PBXFileReference; lastKnownFileType = sourcecode.swift; path = APIBase.swift; sourceTree = "<group>"; };
		769B298725AE92EA000E4FE1 /* LoginService.swift */ = {isa = PBXFileReference; lastKnownFileType = sourcecode.swift; path = LoginService.swift; sourceTree = "<group>"; };
		76D01CB425CCD5F000F28E22 /* ViewExtensions.swift */ = {isa = PBXFileReference; lastKnownFileType = sourcecode.swift; path = ViewExtensions.swift; sourceTree = "<group>"; };
		76D01CB725CCDAA700F28E22 /* UIButtonExtensions.swift */ = {isa = PBXFileReference; lastKnownFileType = sourcecode.swift; path = UIButtonExtensions.swift; sourceTree = "<group>"; };
/* End PBXFileReference section */

/* Begin PBXFrameworksBuildPhase section */
		7675B24525AD339700364932 /* Frameworks */ = {
			isa = PBXFrameworksBuildPhase;
			buildActionMask = 2147483647;
			files = (
			);
			runOnlyForDeploymentPostprocessing = 0;
		};
/* End PBXFrameworksBuildPhase section */

/* Begin PBXGroup section */
		763BD9A125CB8566000359B1 /* components */ = {
			isa = PBXGroup;
			children = (
				763BD9A325CB85C2000359B1 /* DefaultButton.swift */,
			);
			path = components;
			sourceTree = "<group>";
		};
		7675B23F25AD339700364932 = {
			isa = PBXGroup;
			children = (
				7675B24A25AD339700364932 /* mesa-news */,
				7675B24925AD339700364932 /* Products */,
			);
			sourceTree = "<group>";
		};
		7675B24925AD339700364932 /* Products */ = {
			isa = PBXGroup;
			children = (
				7675B24825AD339700364932 /* mesa-news.app */,
			);
			name = Products;
			sourceTree = "<group>";
		};
		7675B24A25AD339700364932 /* mesa-news */ = {
			isa = PBXGroup;
			children = (
				769B296B25AE838B000E4FE1 /* extensions */,
				7675B27F25AD3F6B00364932 /* helpers */,
				7675B27E25AD3D5200364932 /* service */,
				7675B27D25AD3D4600364932 /* model */,
				7675B26725AD3AA800364932 /* ui */,
				7675B24B25AD339700364932 /* AppDelegate.swift */,
				7675B25425AD339800364932 /* Assets.xcassets */,
				7675B25625AD339800364932 /* LaunchScreen.storyboard */,
				7675B25925AD339800364932 /* Info.plist */,
			);
			path = "mesa-news";
			sourceTree = "<group>";
		};
		7675B26725AD3AA800364932 /* ui */ = {
			isa = PBXGroup;
			children = (
				763BD9A125CB8566000359B1 /* components */,
				7675B27325AD3C4700364932 /* signup */,
				7675B26825AD3AAE00364932 /* login */,
				769B297225AE912B000E4FE1 /* newsList */,
			);
			path = ui;
			sourceTree = "<group>";
		};
		7675B26825AD3AAE00364932 /* login */ = {
			isa = PBXGroup;
			children = (
				7675B26925AD3AC000364932 /* LoginVC.swift */,
				7675B26D25AD3B2C00364932 /* LoginView.swift */,
				7675B27025AD3B3A00364932 /* LoginViewModel.swift */,
			);
			path = login;
			sourceTree = "<group>";
		};
		7675B27325AD3C4700364932 /* signup */ = {
			isa = PBXGroup;
			children = (
				7675B27425AD3C5D00364932 /* SignupVC.swift */,
				7675B27725AD3C6B00364932 /* SignupView.swift */,
				7675B27A25AD3C7400364932 /* SignupViewModel.swift */,
			);
			path = signup;
			sourceTree = "<group>";
		};
		7675B27D25AD3D4600364932 /* model */ = {
			isa = PBXGroup;
			children = (
			);
			path = model;
			sourceTree = "<group>";
		};
		7675B27E25AD3D5200364932 /* service */ = {
			isa = PBXGroup;
			children = (
				769B298425AE9272000E4FE1 /* APIBase.swift */,
				769B298125AE9221000E4FE1 /* NewsService.swift */,
				769B298725AE92EA000E4FE1 /* LoginService.swift */,
			);
			path = service;
			sourceTree = "<group>";
		};
		7675B27F25AD3F6B00364932 /* helpers */ = {
			isa = PBXGroup;
			children = (
				7675B28025AD3F7D00364932 /* ViewCodeProtocol.swift */,
				769B296F25AE83D2000E4FE1 /* Colors.swift */,
			);
			path = helpers;
			sourceTree = "<group>";
		};
		769B296B25AE838B000E4FE1 /* extensions */ = {
			isa = PBXGroup;
			children = (
				769B296C25AE83AF000E4FE1 /* UIColorExtensions.swift */,
				76D01CB425CCD5F000F28E22 /* ViewExtensions.swift */,
				76D01CB725CCDAA700F28E22 /* UIButtonExtensions.swift */,
			);
			path = extensions;
			sourceTree = "<group>";
		};
		769B297225AE912B000E4FE1 /* newsList */ = {
			isa = PBXGroup;
			children = (
				769B297325AE917A000E4FE1 /* NewsListVC.swift */,
				769B297725AE918B000E4FE1 /* NewsListView.swift */,
				769B297E25AE91A4000E4FE1 /* NewsListViewModel.swift */,
			);
			path = newsList;
			sourceTree = "<group>";
		};
/* End PBXGroup section */

/* Begin PBXNativeTarget section */
		7675B24725AD339700364932 /* mesa-news */ = {
			isa = PBXNativeTarget;
			buildConfigurationList = 7675B25C25AD339800364932 /* Build configuration list for PBXNativeTarget "mesa-news" */;
			buildPhases = (
				7675B24425AD339700364932 /* Sources */,
				7675B24525AD339700364932 /* Frameworks */,
				7675B24625AD339700364932 /* Resources */,
			);
			buildRules = (
			);
			dependencies = (
			);
			name = "mesa-news";
			productName = "mesa-news";
			productReference = 7675B24825AD339700364932 /* mesa-news.app */;
			productType = "com.apple.product-type.application";
		};
/* End PBXNativeTarget section */

/* Begin PBXProject section */
		7675B24025AD339700364932 /* Project object */ = {
			isa = PBXProject;
			attributes = {
				LastSwiftUpdateCheck = 1230;
				LastUpgradeCheck = 1230;
				TargetAttributes = {
					7675B24725AD339700364932 = {
						CreatedOnToolsVersion = 12.3;
					};
				};
			};
			buildConfigurationList = 7675B24325AD339700364932 /* Build configuration list for PBXProject "mesa-news" */;
			compatibilityVersion = "Xcode 9.3";
			developmentRegion = en;
			hasScannedForEncodings = 0;
			knownRegions = (
				en,
				Base,
			);
			mainGroup = 7675B23F25AD339700364932;
			productRefGroup = 7675B24925AD339700364932 /* Products */;
			projectDirPath = "";
			projectRoot = "";
			targets = (
				7675B24725AD339700364932 /* mesa-news */,
			);
		};
/* End PBXProject section */

/* Begin PBXResourcesBuildPhase section */
		7675B24625AD339700364932 /* Resources */ = {
			isa = PBXResourcesBuildPhase;
			buildActionMask = 2147483647;
			files = (
				7675B25825AD339800364932 /* LaunchScreen.storyboard in Resources */,
				7675B25525AD339800364932 /* Assets.xcassets in Resources */,
			);
			runOnlyForDeploymentPostprocessing = 0;
		};
/* End PBXResourcesBuildPhase section */

/* Begin PBXSourcesBuildPhase section */
		7675B24425AD339700364932 /* Sources */ = {
			isa = PBXSourcesBuildPhase;
			buildActionMask = 2147483647;
			files = (
				769B296D25AE83AF000E4FE1 /* UIColorExtensions.swift in Sources */,
				769B297825AE918B000E4FE1 /* NewsListView.swift in Sources */,
				769B297025AE83D2000E4FE1 /* Colors.swift in Sources */,
				7675B27825AD3C6B00364932 /* SignupView.swift in Sources */,
				76D01CB525CCD5F000F28E22 /* ViewExtensions.swift in Sources */,
				7675B28125AD3F7D00364932 /* ViewCodeProtocol.swift in Sources */,
				7675B27125AD3B3A00364932 /* LoginViewModel.swift in Sources */,
				7675B27525AD3C5D00364932 /* SignupVC.swift in Sources */,
				763BD9A425CB85C2000359B1 /* DefaultButton.swift in Sources */,
				769B298825AE92EA000E4FE1 /* LoginService.swift in Sources */,
				7675B27B25AD3C7400364932 /* SignupViewModel.swift in Sources */,
				769B298525AE9272000E4FE1 /* APIBase.swift in Sources */,
				7675B26E25AD3B2C00364932 /* LoginView.swift in Sources */,
				769B297F25AE91A4000E4FE1 /* NewsListViewModel.swift in Sources */,
				76D01CB825CCDAA700F28E22 /* UIButtonExtensions.swift in Sources */,
				769B298225AE9221000E4FE1 /* NewsService.swift in Sources */,
				7675B26A25AD3AC000364932 /* LoginVC.swift in Sources */,
				7675B24C25AD339700364932 /* AppDelegate.swift in Sources */,
				769B297425AE917A000E4FE1 /* NewsListVC.swift in Sources */,
			);
			runOnlyForDeploymentPostprocessing = 0;
		};
/* End PBXSourcesBuildPhase section */

/* Begin PBXVariantGroup section */
		7675B25625AD339800364932 /* LaunchScreen.storyboard */ = {
			isa = PBXVariantGroup;
			children = (
				7675B25725AD339800364932 /* Base */,
			);
			name = LaunchScreen.storyboard;
			sourceTree = "<group>";
		};
/* End PBXVariantGroup section */

/* Begin XCBuildConfiguration section */
		7675B25A25AD339800364932 /* Debug */ = {
			isa = XCBuildConfiguration;
			buildSettings = {
				ALWAYS_SEARCH_USER_PATHS = NO;
				CLANG_ANALYZER_NONNULL = YES;
				CLANG_ANALYZER_NUMBER_OBJECT_CONVERSION = YES_AGGRESSIVE;
				CLANG_CXX_LANGUAGE_STANDARD = "gnu++14";
				CLANG_CXX_LIBRARY = "libc++";
				CLANG_ENABLE_MODULES = YES;
				CLANG_ENABLE_OBJC_ARC = YES;
				CLANG_ENABLE_OBJC_WEAK = YES;
				CLANG_WARN_BLOCK_CAPTURE_AUTORELEASING = YES;
				CLANG_WARN_BOOL_CONVERSION = YES;
				CLANG_WARN_COMMA = YES;
				CLANG_WARN_CONSTANT_CONVERSION = YES;
				CLANG_WARN_DEPRECATED_OBJC_IMPLEMENTATIONS = YES;
				CLANG_WARN_DIRECT_OBJC_ISA_USAGE = YES_ERROR;
				CLANG_WARN_DOCUMENTATION_COMMENTS = YES;
				CLANG_WARN_EMPTY_BODY = YES;
				CLANG_WARN_ENUM_CONVERSION = YES;
				CLANG_WARN_INFINITE_RECURSION = YES;
				CLANG_WARN_INT_CONVERSION = YES;
				CLANG_WARN_NON_LITERAL_NULL_CONVERSION = YES;
				CLANG_WARN_OBJC_IMPLICIT_RETAIN_SELF = YES;
				CLANG_WARN_OBJC_LITERAL_CONVERSION = YES;
				CLANG_WARN_OBJC_ROOT_CLASS = YES_ERROR;
				CLANG_WARN_QUOTED_INCLUDE_IN_FRAMEWORK_HEADER = YES;
				CLANG_WARN_RANGE_LOOP_ANALYSIS = YES;
				CLANG_WARN_STRICT_PROTOTYPES = YES;
				CLANG_WARN_SUSPICIOUS_MOVE = YES;
				CLANG_WARN_UNGUARDED_AVAILABILITY = YES_AGGRESSIVE;
				CLANG_WARN_UNREACHABLE_CODE = YES;
				CLANG_WARN__DUPLICATE_METHOD_MATCH = YES;
				COPY_PHASE_STRIP = NO;
				DEBUG_INFORMATION_FORMAT = dwarf;
				ENABLE_STRICT_OBJC_MSGSEND = YES;
				ENABLE_TESTABILITY = YES;
				GCC_C_LANGUAGE_STANDARD = gnu11;
				GCC_DYNAMIC_NO_PIC = NO;
				GCC_NO_COMMON_BLOCKS = YES;
				GCC_OPTIMIZATION_LEVEL = 0;
				GCC_PREPROCESSOR_DEFINITIONS = (
					"DEBUG=1",
					"$(inherited)",
				);
				GCC_WARN_64_TO_32_BIT_CONVERSION = YES;
				GCC_WARN_ABOUT_RETURN_TYPE = YES_ERROR;
				GCC_WARN_UNDECLARED_SELECTOR = YES;
				GCC_WARN_UNINITIALIZED_AUTOS = YES_AGGRESSIVE;
				GCC_WARN_UNUSED_FUNCTION = YES;
				GCC_WARN_UNUSED_VARIABLE = YES;
				IPHONEOS_DEPLOYMENT_TARGET = 14.3;
				MTL_ENABLE_DEBUG_INFO = INCLUDE_SOURCE;
				MTL_FAST_MATH = YES;
				ONLY_ACTIVE_ARCH = YES;
				SDKROOT = iphoneos;
				SWIFT_ACTIVE_COMPILATION_CONDITIONS = DEBUG;
				SWIFT_OPTIMIZATION_LEVEL = "-Onone";
			};
			name = Debug;
		};
		7675B25B25AD339800364932 /* Release */ = {
			isa = XCBuildConfiguration;
			buildSettings = {
				ALWAYS_SEARCH_USER_PATHS = NO;
				CLANG_ANALYZER_NONNULL = YES;
				CLANG_ANALYZER_NUMBER_OBJECT_CONVERSION = YES_AGGRESSIVE;
				CLANG_CXX_LANGUAGE_STANDARD = "gnu++14";
				CLANG_CXX_LIBRARY = "libc++";
				CLANG_ENABLE_MODULES = YES;
				CLANG_ENABLE_OBJC_ARC = YES;
				CLANG_ENABLE_OBJC_WEAK = YES;
				CLANG_WARN_BLOCK_CAPTURE_AUTORELEASING = YES;
				CLANG_WARN_BOOL_CONVERSION = YES;
				CLANG_WARN_COMMA = YES;
				CLANG_WARN_CONSTANT_CONVERSION = YES;
				CLANG_WARN_DEPRECATED_OBJC_IMPLEMENTATIONS = YES;
				CLANG_WARN_DIRECT_OBJC_ISA_USAGE = YES_ERROR;
				CLANG_WARN_DOCUMENTATION_COMMENTS = YES;
				CLANG_WARN_EMPTY_BODY = YES;
				CLANG_WARN_ENUM_CONVERSION = YES;
				CLANG_WARN_INFINITE_RECURSION = YES;
				CLANG_WARN_INT_CONVERSION = YES;
				CLANG_WARN_NON_LITERAL_NULL_CONVERSION = YES;
				CLANG_WARN_OBJC_IMPLICIT_RETAIN_SELF = YES;
				CLANG_WARN_OBJC_LITERAL_CONVERSION = YES;
				CLANG_WARN_OBJC_ROOT_CLASS = YES_ERROR;
				CLANG_WARN_QUOTED_INCLUDE_IN_FRAMEWORK_HEADER = YES;
				CLANG_WARN_RANGE_LOOP_ANALYSIS = YES;
				CLANG_WARN_STRICT_PROTOTYPES = YES;
				CLANG_WARN_SUSPICIOUS_MOVE = YES;
				CLANG_WARN_UNGUARDED_AVAILABILITY = YES_AGGRESSIVE;
				CLANG_WARN_UNREACHABLE_CODE = YES;
				CLANG_WARN__DUPLICATE_METHOD_MATCH = YES;
				COPY_PHASE_STRIP = NO;
				DEBUG_INFORMATION_FORMAT = "dwarf-with-dsym";
				ENABLE_NS_ASSERTIONS = NO;
				ENABLE_STRICT_OBJC_MSGSEND = YES;
				GCC_C_LANGUAGE_STANDARD = gnu11;
				GCC_NO_COMMON_BLOCKS = YES;
				GCC_WARN_64_TO_32_BIT_CONVERSION = YES;
				GCC_WARN_ABOUT_RETURN_TYPE = YES_ERROR;
				GCC_WARN_UNDECLARED_SELECTOR = YES;
				GCC_WARN_UNINITIALIZED_AUTOS = YES_AGGRESSIVE;
				GCC_WARN_UNUSED_FUNCTION = YES;
				GCC_WARN_UNUSED_VARIABLE = YES;
				IPHONEOS_DEPLOYMENT_TARGET = 14.3;
				MTL_ENABLE_DEBUG_INFO = NO;
				MTL_FAST_MATH = YES;
				SDKROOT = iphoneos;
				SWIFT_COMPILATION_MODE = wholemodule;
				SWIFT_OPTIMIZATION_LEVEL = "-O";
				VALIDATE_PRODUCT = YES;
			};
			name = Release;
		};
		7675B25D25AD339800364932 /* Debug */ = {
			isa = XCBuildConfiguration;
			buildSettings = {
				ASSETCATALOG_COMPILER_APPICON_NAME = AppIcon;
				ASSETCATALOG_COMPILER_GLOBAL_ACCENT_COLOR_NAME = AccentColor;
				CODE_SIGN_STYLE = Automatic;
				DEVELOPMENT_TEAM = 2PTQ78DPPH;
				INFOPLIST_FILE = "mesa-news/Info.plist";
				LD_RUNPATH_SEARCH_PATHS = (
					"$(inherited)",
					"@executable_path/Frameworks",
				);
				PRODUCT_BUNDLE_IDENTIFIER = "br.com.leonardocorrea.mesa-news";
				PRODUCT_NAME = "$(TARGET_NAME)";
				SWIFT_VERSION = 5.0;
				TARGETED_DEVICE_FAMILY = "1,2";
			};
			name = Debug;
		};
		7675B25E25AD339800364932 /* Release */ = {
			isa = XCBuildConfiguration;
			buildSettings = {
				ASSETCATALOG_COMPILER_APPICON_NAME = AppIcon;
				ASSETCATALOG_COMPILER_GLOBAL_ACCENT_COLOR_NAME = AccentColor;
				CODE_SIGN_STYLE = Automatic;
				DEVELOPMENT_TEAM = 2PTQ78DPPH;
				INFOPLIST_FILE = "mesa-news/Info.plist";
				LD_RUNPATH_SEARCH_PATHS = (
					"$(inherited)",
					"@executable_path/Frameworks",
				);
				PRODUCT_BUNDLE_IDENTIFIER = "br.com.leonardocorrea.mesa-news";
				PRODUCT_NAME = "$(TARGET_NAME)";
				SWIFT_VERSION = 5.0;
				TARGETED_DEVICE_FAMILY = "1,2";
			};
			name = Release;
		};
/* End XCBuildConfiguration section */

/* Begin XCConfigurationList section */
		7675B24325AD339700364932 /* Build configuration list for PBXProject "mesa-news" */ = {
			isa = XCConfigurationList;
			buildConfigurations = (
				7675B25A25AD339800364932 /* Debug */,
				7675B25B25AD339800364932 /* Release */,
			);
			defaultConfigurationIsVisible = 0;
			defaultConfigurationName = Release;
		};
		7675B25C25AD339800364932 /* Build configuration list for PBXNativeTarget "mesa-news" */ = {
			isa = XCConfigurationList;
			buildConfigurations = (
				7675B25D25AD339800364932 /* Debug */,
				7675B25E25AD339800364932 /* Release */,
			);
			defaultConfigurationIsVisible = 0;
			defaultConfigurationName = Release;
		};
/* End XCConfigurationList section */
	};
	rootObject = 7675B24025AD339700364932 /* Project object */;
}
